
Microsoft Visual Studio Solution File, Format Version 12.00
# Visual Studio Version 17
VisualStudioVersion = 17.5.33424.131
MinimumVisualStudioVersion = 10.0.40219.1
Project("{9A19103F-16F7-4668-BE54-9A1E7A4F7556}") = "Day4-Task1", "Day4-Task1\Day4-Task1.csproj", "{B0FD277E-930B-4AC5-A739-02394F35CE05}"
EndProject
Project("{FAE04EC0-301F-11D3-BF4B-00C04F79EFBC}") = "Day4-Task2", "Day4-Task2\Day4-Task2.csproj", "{BD74A247-91BC-4272-B88E-DA5A35BF0AD1}"
EndProject
Global
	GlobalSection(SolutionConfigurationPlatforms) = preSolution
		Debug|Any CPU = Debug|Any CPU
		Release|Any CPU = Release|Any CPU
	EndGlobalSection
	GlobalSection(ProjectConfigurationPlatforms) = postSolution
		{B0FD277E-930B-4AC5-A739-02394F35CE05}.Debug|Any CPU.ActiveCfg = Debug|Any CPU
		{B0FD277E-930B-4AC5-A739-02394F35CE05}.Debug|Any CPU.Build.0 = Debug|Any CPU
		{B0FD277E-930B-4AC5-A739-02394F35CE05}.Release|Any CPU.ActiveCfg = Release|Any CPU
		{B0FD277E-930B-4AC5-A739-02394F35CE05}.Release|Any CPU.Build.0 = Release|Any CPU
		{BD74A247-91BC-4272-B88E-DA5A35BF0AD1}.Debug|Any CPU.ActiveCfg = Debug|Any CPU
		{BD74A247-91BC-4272-B88E-DA5A35BF0AD1}.Debug|Any CPU.Build.0 = Debug|Any CPU
		{BD74A247-91BC-4272-B88E-DA5A35BF0AD1}.Release|Any CPU.ActiveCfg = Release|Any CPU
		{BD74A247-91BC-4272-B88E-DA5A35BF0AD1}.Release|Any CPU.Build.0 = Release|Any CPU
	EndGlobalSection
	GlobalSection(SolutionProperties) = preSolution
		HideSolutionNode = FALSE
	EndGlobalSection
	GlobalSection(ExtensibilityGlobals) = postSolution
		SolutionGuid = {4844081E-9528-4D4D-A8BB-B603C174362A}
	EndGlobalSection
EndGlobal
